
Microsoft Visual Studio Solution File, Format Version 12.00
# Visual Studio Version 17
VisualStudioVersion = 17.3.32811.315
MinimumVisualStudioVersion = 10.0.40219.1
Project("{FAE04EC0-301F-11D3-BF4B-00C04F79EFBC}") = "NumeralConverter", "NumeralConverter.csproj", "{4707AE88-EF93-4BD6-94E9-AD6DC468DF2B}"
EndProject
Global
	GlobalSection(SolutionConfigurationPlatforms) = preSolution
		Debug|Any CPU = Debug|Any CPU
		Release|Any CPU = Release|Any CPU
	EndGlobalSection
	GlobalSection(ProjectConfigurationPlatforms) = postSolution
		{4707AE88-EF93-4BD6-94E9-AD6DC468DF2B}.Debug|Any CPU.ActiveCfg = Debug|Any CPU
		{4707AE88-EF93-4BD6-94E9-AD6DC468DF2B}.Debug|Any CPU.Build.0 = Debug|Any CPU
		{4707AE88-EF93-4BD6-94E9-AD6DC468DF2B}.Release|Any CPU.ActiveCfg = Release|Any CPU
		{4707AE88-EF93-4BD6-94E9-AD6DC468DF2B}.Release|Any CPU.Build.0 = Release|Any CPU
	EndGlobalSection
	GlobalSection(SolutionProperties) = preSolution
		HideSolutionNode = FALSE
	EndGlobalSection
	GlobalSection(ExtensibilityGlobals) = postSolution
		SolutionGuid = {EF119DCE-66E3-4B54-954F-9C3EBF54EF2D}
	EndGlobalSection
EndGlobal
